
Microsoft Visual Studio Solution File, Format Version 12.00
# Visual Studio Version 16
VisualStudioVersion = 16.0.31624.102
MinimumVisualStudioVersion = 10.0.40219.1
Project("{FAE04EC0-301F-11D3-BF4B-00C04F79EFBC}") = "mvcPeliculas", "mvcPeliculas\mvcPeliculas.csproj", "{8EE02F23-25A3-4F04-AC4D-EB398AD4547A}"
EndProject
Global
	GlobalSection(SolutionConfigurationPlatforms) = preSolution
		Debug|Any CPU = Debug|Any CPU
		Release|Any CPU = Release|Any CPU
	EndGlobalSection
	GlobalSection(ProjectConfigurationPlatforms) = postSolution
		{8EE02F23-25A3-4F04-AC4D-EB398AD4547A}.Debug|Any CPU.ActiveCfg = Debug|Any CPU
		{8EE02F23-25A3-4F04-AC4D-EB398AD4547A}.Debug|Any CPU.Build.0 = Debug|Any CPU
		{8EE02F23-25A3-4F04-AC4D-EB398AD4547A}.Release|Any CPU.ActiveCfg = Release|Any CPU
		{8EE02F23-25A3-4F04-AC4D-EB398AD4547A}.Release|Any CPU.Build.0 = Release|Any CPU
	EndGlobalSection
	GlobalSection(SolutionProperties) = preSolution
		HideSolutionNode = FALSE
	EndGlobalSection
	GlobalSection(ExtensibilityGlobals) = postSolution
		SolutionGuid = {44AF2C9E-73E9-4C63-A24B-2DC20A0CF614}
	EndGlobalSection
EndGlobal
